%{
  "exoml": {:hex, :exoml, "0.0.10", "f75e4913a9eadd767964cc7910e742f84ade58a72df898e74a331c727f65fd7f", [:mix], [], "hexpm", "53e4a76d524fb471022d6d7c6fc716a9bb25ebadc516c16fcf17ad83cc9c519d"},
  "sweet_xml": {:hex, :sweet_xml, "0.6.6", "fc3e91ec5dd7c787b6195757fbcf0abc670cee1e4172687b45183032221b66b8", [:mix], [], "hexpm", "2e1ec458f892ffa81f9f8386e3f35a1af6db7a7a37748a64478f13163a1f3573"},
  "yamerl": {:hex, :yamerl, "0.8.0", "8214cfe16bbabe5d1d6c14a14aea11c784b9a21903dd6a7c74f8ce180adae5c7", [:rebar3], [], "hexpm", "010634477bf9c208a0767dcca89116c2442cf0b5e87f9c870f85cd1c3e0c2aab"},
  "yaml_elixir": {:hex, :yaml_elixir, "2.5.0", "45de762be6d75fa5a8b5f44ddff8c30f64c26526eab5b1d72e36d616007b7796", [:mix], [{:yamerl, "~> 0.7", [hex: :yamerl, repo: "hexpm", optional: false]}], "hexpm", "80fe4e43f05582f2a90f2dcd73fc6171fbd65f2e6836f71fe4ce2154ef358c36"},
}
